
Microsoft Visual Studio Solution File, Format Version 12.00
# Visual Studio Version 17
VisualStudioVersion = 17.11.35327.3
MinimumVisualStudioVersion = 10.0.40219.1
Project("{2150E333-8FDC-42A3-9474-1A3956D46DE8}") = "Tool", "Tool", "{02EA681E-C7D8-13C7-8484-4AC65E1B71E8}"
EndProject
Project("{2150E333-8FDC-42A3-9474-1A3956D46DE8}") = "CPlusPlus", "CPlusPlus", "{800D166E-E183-47FB-951F-8BD6382A7AB6}"
EndProject
Project("{2150E333-8FDC-42A3-9474-1A3956D46DE8}") = "Program", "Program", "{85C71E8C-A5CE-4679-A618-43C916FEAE20}"
EndProject
Project("{FAE04EC0-301F-11D3-BF4B-00C04F79EFBC}") = "CodingHelper", "Tool\CodingHelper\CodingHelper.csproj", "{1080E331-408F-F62A-FB20-371379BEAEAC}"
EndProject
Project("{8BC9CEB8-8B4A-11D0-8D11-00A0C91BC942}") = "Engine", "CPlusPlus\Engine\Engine.vcxproj", "{B6CFE885-297E-43DC-9C19-27C7FEE935B7}"
EndProject
Project("{8BC9CEB8-8B4A-11D0-8D11-00A0C91BC942}") = "Test", "CPlusPlus\Test\Test.vcxproj", "{371C934B-79C5-426D-832C-977CA987174F}"
EndProject
Project("{8BC9CEB8-8B4A-11D0-8D11-00A0C91BC942}") = "UIChecker", "CPlusPlus\Program\UIChecker\UIChecker.vcxproj", "{BF1D84D7-0A26-42CE-9640-8DF57928DA07}"
EndProject
Global
	GlobalSection(SolutionConfigurationPlatforms) = preSolution
		Debug|Any CPU = Debug|Any CPU
		Debug|x64 = Debug|x64
		Debug|x86 = Debug|x86
		Release|Any CPU = Release|Any CPU
		Release|x64 = Release|x64
		Release|x86 = Release|x86
	EndGlobalSection
	GlobalSection(ProjectConfigurationPlatforms) = postSolution
		{1080E331-408F-F62A-FB20-371379BEAEAC}.Debug|Any CPU.ActiveCfg = Debug|Any CPU
		{1080E331-408F-F62A-FB20-371379BEAEAC}.Debug|Any CPU.Build.0 = Debug|Any CPU
		{1080E331-408F-F62A-FB20-371379BEAEAC}.Debug|x64.ActiveCfg = Debug|Any CPU
		{1080E331-408F-F62A-FB20-371379BEAEAC}.Debug|x64.Build.0 = Debug|Any CPU
		{1080E331-408F-F62A-FB20-371379BEAEAC}.Debug|x86.ActiveCfg = Debug|Any CPU
		{1080E331-408F-F62A-FB20-371379BEAEAC}.Debug|x86.Build.0 = Debug|Any CPU
		{1080E331-408F-F62A-FB20-371379BEAEAC}.Release|Any CPU.ActiveCfg = Release|Any CPU
		{1080E331-408F-F62A-FB20-371379BEAEAC}.Release|Any CPU.Build.0 = Release|Any CPU
		{1080E331-408F-F62A-FB20-371379BEAEAC}.Release|x64.ActiveCfg = Release|Any CPU
		{1080E331-408F-F62A-FB20-371379BEAEAC}.Release|x64.Build.0 = Release|Any CPU
		{1080E331-408F-F62A-FB20-371379BEAEAC}.Release|x86.ActiveCfg = Release|Any CPU
		{1080E331-408F-F62A-FB20-371379BEAEAC}.Release|x86.Build.0 = Release|Any CPU
		{B6CFE885-297E-43DC-9C19-27C7FEE935B7}.Debug|Any CPU.ActiveCfg = Debug|x64
		{B6CFE885-297E-43DC-9C19-27C7FEE935B7}.Debug|Any CPU.Build.0 = Debug|x64
		{B6CFE885-297E-43DC-9C19-27C7FEE935B7}.Debug|x64.ActiveCfg = Debug|x64
		{B6CFE885-297E-43DC-9C19-27C7FEE935B7}.Debug|x64.Build.0 = Debug|x64
		{B6CFE885-297E-43DC-9C19-27C7FEE935B7}.Debug|x86.ActiveCfg = Debug|Win32
		{B6CFE885-297E-43DC-9C19-27C7FEE935B7}.Debug|x86.Build.0 = Debug|Win32
		{B6CFE885-297E-43DC-9C19-27C7FEE935B7}.Release|Any CPU.ActiveCfg = Release|x64
		{B6CFE885-297E-43DC-9C19-27C7FEE935B7}.Release|Any CPU.Build.0 = Release|x64
		{B6CFE885-297E-43DC-9C19-27C7FEE935B7}.Release|x64.ActiveCfg = Release|x64
		{B6CFE885-297E-43DC-9C19-27C7FEE935B7}.Release|x64.Build.0 = Release|x64
		{B6CFE885-297E-43DC-9C19-27C7FEE935B7}.Release|x86.ActiveCfg = Release|Win32
		{B6CFE885-297E-43DC-9C19-27C7FEE935B7}.Release|x86.Build.0 = Release|Win32
		{371C934B-79C5-426D-832C-977CA987174F}.Debug|Any CPU.ActiveCfg = Debug|x64
		{371C934B-79C5-426D-832C-977CA987174F}.Debug|Any CPU.Build.0 = Debug|x64
		{371C934B-79C5-426D-832C-977CA987174F}.Debug|x64.ActiveCfg = Debug|x64
		{371C934B-79C5-426D-832C-977CA987174F}.Debug|x64.Build.0 = Debug|x64
		{371C934B-79C5-426D-832C-977CA987174F}.Debug|x86.ActiveCfg = Debug|Win32
		{371C934B-79C5-426D-832C-977CA987174F}.Debug|x86.Build.0 = Debug|Win32
		{371C934B-79C5-426D-832C-977CA987174F}.Release|Any CPU.ActiveCfg = Release|x64
		{371C934B-79C5-426D-832C-977CA987174F}.Release|Any CPU.Build.0 = Release|x64
		{371C934B-79C5-426D-832C-977CA987174F}.Release|x64.ActiveCfg = Release|x64
		{371C934B-79C5-426D-832C-977CA987174F}.Release|x64.Build.0 = Release|x64
		{371C934B-79C5-426D-832C-977CA987174F}.Release|x86.ActiveCfg = Release|Win32
		{371C934B-79C5-426D-832C-977CA987174F}.Release|x86.Build.0 = Release|Win32
		{BF1D84D7-0A26-42CE-9640-8DF57928DA07}.Debug|Any CPU.ActiveCfg = Debug|x64
		{BF1D84D7-0A26-42CE-9640-8DF57928DA07}.Debug|Any CPU.Build.0 = Debug|x64
		{BF1D84D7-0A26-42CE-9640-8DF57928DA07}.Debug|x64.ActiveCfg = Debug|x64
		{BF1D84D7-0A26-42CE-9640-8DF57928DA07}.Debug|x64.Build.0 = Debug|x64
		{BF1D84D7-0A26-42CE-9640-8DF57928DA07}.Debug|x86.ActiveCfg = Debug|Win32
		{BF1D84D7-0A26-42CE-9640-8DF57928DA07}.Debug|x86.Build.0 = Debug|Win32
		{BF1D84D7-0A26-42CE-9640-8DF57928DA07}.Release|Any CPU.ActiveCfg = Release|x64
		{BF1D84D7-0A26-42CE-9640-8DF57928DA07}.Release|Any CPU.Build.0 = Release|x64
		{BF1D84D7-0A26-42CE-9640-8DF57928DA07}.Release|x64.ActiveCfg = Release|x64
		{BF1D84D7-0A26-42CE-9640-8DF57928DA07}.Release|x64.Build.0 = Release|x64
		{BF1D84D7-0A26-42CE-9640-8DF57928DA07}.Release|x86.ActiveCfg = Release|Win32
		{BF1D84D7-0A26-42CE-9640-8DF57928DA07}.Release|x86.Build.0 = Release|Win32
	EndGlobalSection
	GlobalSection(SolutionProperties) = preSolution
		HideSolutionNode = FALSE
	EndGlobalSection
	GlobalSection(NestedProjects) = preSolution
		{85C71E8C-A5CE-4679-A618-43C916FEAE20} = {800D166E-E183-47FB-951F-8BD6382A7AB6}
		{1080E331-408F-F62A-FB20-371379BEAEAC} = {02EA681E-C7D8-13C7-8484-4AC65E1B71E8}
		{B6CFE885-297E-43DC-9C19-27C7FEE935B7} = {800D166E-E183-47FB-951F-8BD6382A7AB6}
		{371C934B-79C5-426D-832C-977CA987174F} = {800D166E-E183-47FB-951F-8BD6382A7AB6}
		{BF1D84D7-0A26-42CE-9640-8DF57928DA07} = {85C71E8C-A5CE-4679-A618-43C916FEAE20}
	EndGlobalSection
	GlobalSection(ExtensibilityGlobals) = postSolution
		SolutionGuid = {9A43F7E6-AC15-4ADD-A91B-D72C8A6CADC4}
	EndGlobalSection
EndGlobal
